
Microsoft Visual Studio Solution File, Format Version 12.00
# Visual Studio Version 17
VisualStudioVersion = 17.1.32210.238
MinimumVisualStudioVersion = 10.0.40219.1
Project("{FAE04EC0-301F-11D3-BF4B-00C04F79EFBC}") = "Library-Database-API", "Library-Database-API\Library-Database-API.csproj", "{49FE02B7-CCBE-4EC3-ABB0-B5819D2F4518}"
EndProject
Global
	GlobalSection(SolutionConfigurationPlatforms) = preSolution
		Debug|Any CPU = Debug|Any CPU
		Release|Any CPU = Release|Any CPU
	EndGlobalSection
	GlobalSection(ProjectConfigurationPlatforms) = postSolution
		{49FE02B7-CCBE-4EC3-ABB0-B5819D2F4518}.Debug|Any CPU.ActiveCfg = Debug|Any CPU
		{49FE02B7-CCBE-4EC3-ABB0-B5819D2F4518}.Debug|Any CPU.Build.0 = Debug|Any CPU
		{49FE02B7-CCBE-4EC3-ABB0-B5819D2F4518}.Release|Any CPU.ActiveCfg = Release|Any CPU
		{49FE02B7-CCBE-4EC3-ABB0-B5819D2F4518}.Release|Any CPU.Build.0 = Release|Any CPU
	EndGlobalSection
	GlobalSection(SolutionProperties) = preSolution
		HideSolutionNode = FALSE
	EndGlobalSection
	GlobalSection(ExtensibilityGlobals) = postSolution
		SolutionGuid = {FBA7E35A-0D34-41D9-BEEF-A683A2C99704}
	EndGlobalSection
EndGlobal
